PODS:
  - RxCocoa (6.6.0):
    - RxRelay (= 6.6.0)
    - RxSwift (= 6.6.0)
  - RxRelay (6.6.0):
    - RxSwift (= 6.6.0)
  - RxSwift (6.6.0)
  - ScanLib (0.1.3):
    - RxCocoa
    - RxSwift
    - SnapKit
  - SnapKit (5.6.0)

DEPENDENCIES:
  - ScanLib (from `../`)

SPEC REPOS:
  trunk:
    - RxCocoa
    - RxRelay
    - RxSwift
    - SnapKit

EXTERNAL SOURCES:
  ScanLib:
    :path: "../"

SPEC CHECKSUMS:
  RxCocoa: 44a80de90e25b739b5aeaae3c8c371a32e3343cc
  RxRelay: 45eaa5db8ee4fb50e5ebd57deec0159e97fa51e6
  RxSwift: a4b44f7d24599f674deebd1818eab82e58410632
  ScanLib: 51ed5ebb5e73c0ff43ebdfa08fb89226a762f6d2
  SnapKit: e01d52ebb8ddbc333eefe2132acf85c8227d9c25

PODFILE CHECKSUM: 4525bec02c9bff995386bd89c2073c77d7329b76

COCOAPODS: 1.12.1
